// !$*UTF8*$!
{
	archiveVersion = 1;
	classes = {
	};
	objectVersion = 46;
	objects = {

/* Begin PBXBuildFile section */
		84C49E1819D674D900191065 /* main.m in Sources */ = {isa = PBXBuildFile; fileRef = 84C49E1719D674D900191065 /* main.m */; };
		84C49E1B19D674D900191065 /* AppDelegate.m in Sources */ = {isa = PBXBuildFile; fileRef = 84C49E1A19D674D900191065 /* AppDelegate.m */; };
		84C49E1E19D674D900191065 /* ViewController.m in Sources */ = {isa = PBXBuildFile; fileRef = 84C49E1D19D674D900191065 /* ViewController.m */; };
		84C49E2119D674D900191065 /* Main.storyboard in Resources */ = {isa = PBXBuildFile; fileRef = 84C49E1F19D674D900191065 /* Main.storyboard */; };
		84C49E2319D674D900191065 /* Images.xcassets in Resources */ = {isa = PBXBuildFile; fileRef = 84C49E2219D674D900191065 /* Images.xcassets */; };
		84C49E2619D674D900191065 /* LaunchScreen.xib in Resources */ = {isa = PBXBuildFile; fileRef = 84C49E2419D674D900191065 /* LaunchScreen.xib */; };
		84C49E3219D674D900191065 /* IOS8AdapterDemoTests.m in Sources */ = {isa = PBXBuildFile; fileRef = 84C49E3119D674D900191065 /* IOS8AdapterDemoTests.m */; };
/* End PBXBuildFile section */

/* Begin PBXContainerItemProxy section */
		84C49E2C19D674D900191065 /* PBXContainerItemProxy */ = {
			isa = PBXContainerItemProxy;
			containerPortal = 84C49E0A19D674D900191065 /* Project object */;
			proxyType = 1;
			remoteGlobalIDString = 84C49E1119D674D900191065;
			remoteInfo = IOS8AdapterDemo;
		};
/* End PBXContainerItemProxy section */

/* Begin PBXFileReference section */
		84C49E1219D674D900191065 /* IOS8AdapterDemo.app */ = {isa = PBXFileReference; explicitFileType = wrapper.application; includeInIndex = 0; path = IOS8AdapterDemo.app; sourceTree = BUILT_PRODUCTS_DIR; };
		84C49E1619D674D900191065 /* Info.plist */ = {isa = PBXFileReference; lastKnownFileType = text.plist.xml; path = Info.plist; sourceTree = "<group>"; };
		84C49E1719D674D900191065 /* main.m */ = {isa = PBXFileReference; lastKnownFileType = sourcecode.c.objc; path = main.m; sourceTree = "<group>"; };
		84C49E1919D674D900191065 /* AppDelegate.h */ = {isa = PBXFileReference; lastKnownFileType = sourcecode.c.h; path = AppDelegate.h; sourceTree = "<group>"; };
		84C49E1A19D674D900191065 /* AppDelegate.m */ = {isa = PBXFileReference; lastKnownFileType = sourcecode.c.objc; path = AppDelegate.m; sourceTree = "<group>"; };
		84C49E1C19D674D900191065 /* ViewController.h */ = {isa = PBXFileReference; lastKnownFileType = sourcecode.c.h; path = ViewController.h; sourceTree = "<group>"; };
		84C49E1D19D674D900191065 /* ViewController.m */ = {isa = PBXFileReference; lastKnownFileType = sourcecode.c.objc; path = ViewController.m; sourceTree = "<group>"; };
		84C49E2019D674D900191065 /* Base */ = {isa = PBXFileReference; lastKnownFileType = file.storyboard; name = Base; path = Base.lproj/Main.storyboard; sourceTree = "<group>"; };
		84C49E2219D674D900191065 /* Images.xcassets */ = {isa = PBXFileReference; lastKnownFileType = folder.assetcatalog; path = Images.xcassets; sourceTree = "<group>"; };
		84C49E2519D674D900191065 /* Base */ = {isa = PBXFileReference; lastKnownFileType = file.xib; name = Base; path = Base.lproj/LaunchScreen.xib; sourceTree = "<group>"; };
		84C49E2B19D674D900191065 /* IOS8AdapterDemoTests.xctest */ = {isa = PBXFileReference; explicitFileType = wrapper.cfbundle; includeInIndex = 0; path = IOS8AdapterDemoTests.xctest; sourceTree = BUILT_PRODUCTS_DIR; };
		84C49E3019D674D900191065 /* Info.plist */ = {isa = PBXFileReference; lastKnownFileType = text.plist.xml; path = Info.plist; sourceTree = "<group>"; };
		84C49E3119D674D900191065 /* IOS8AdapterDemoTests.m */ = {isa = PBXFileReference; lastKnownFileType = sourcecode.c.objc; path = IOS8AdapterDemoTests.m; sourceTree = "<group>"; };
/* End PBXFileReference section */

/* Begin PBXFrameworksBuildPhase section */
		84C49E0F19D674D900191065 /* Frameworks */ = {
			isa = PBXFrameworksBuildPhase;
			buildActionMask = 2147483647;
			files = (
			);
			runOnlyForDeploymentPostprocessing = 0;
		};
		84C49E2819D674D900191065 /* Frameworks */ = {
			isa = PBXFrameworksBuildPhase;
			buildActionMask = 2147483647;
			files = (
			);
			runOnlyForDeploymentPostprocessing = 0;
		};
/* End PBXFrameworksBuildPhase section */

/* Begin PBXGroup section */
		84C49E0919D674D900191065 = {
			isa = PBXGroup;
			children = (
				84C49E1419D674D900191065 /* IOS8AdapterDemo */,
				84C49E2E19D674D900191065 /* IOS8AdapterDemoTests */,
				84C49E1319D674D900191065 /* Products */,
			);
			sourceTree = "<group>";
		};
		84C49E1319D674D900191065 /* Products */ = {
			isa = PBXGroup;
			children = (
				84C49E1219D674D900191065 /* IOS8AdapterDemo.app */,
				84C49E2B19D674D900191065 /* IOS8AdapterDemoTests.xctest */,
			);
			name = Products;
			sourceTree = "<group>";
		};
		84C49E1419D674D900191065 /* IOS8AdapterDemo */ = {
			isa = PBXGroup;
			children = (
				84C49E1919D674D900191065 /* AppDelegate.h */,
				84C49E1A19D674D900191065 /* AppDelegate.m */,
				84C49E1C19D674D900191065 /* ViewController.h */,
				84C49E1D19D674D900191065 /* ViewController.m */,
				84C49E1F19D674D900191065 /* Main.storyboard */,
				84C49E2219D674D900191065 /* Images.xcassets */,
				84C49E2419D674D900191065 /* LaunchScreen.xib */,
				84C49E1519D674D900191065 /* Supporting Files */,
			);
			path = IOS8AdapterDemo;
			sourceTree = "<group>";
		};
		84C49E1519D674D900191065 /* Supporting Files */ = {
			isa = PBXGroup;
			children = (
				84C49E1619D674D900191065 /* Info.plist */,
				84C49E1719D674D900191065 /* main.m */,
			);
			name = "Supporting Files";
			sourceTree = "<group>";
		};
		84C49E2E19D674D900191065 /* IOS8AdapterDemoTests */ = {
			isa = PBXGroup;
			children = (
				84C49E3119D674D900191065 /* IOS8AdapterDemoTests.m */,
				84C49E2F19D674D900191065 /* Supporting Files */,
			);
			path = IOS8AdapterDemoTests;
			sourceTree = "<group>";
		};
		84C49E2F19D674D900191065 /* Supporting Files */ = {
			isa = PBXGroup;
			children = (
				84C49E3019D674D900191065 /* Info.plist */,
			);
			name = "Supporting Files";
			sourceTree = "<group>";
		};
/* End PBXGroup section */

/* Begin PBXNativeTarget section */
		84C49E1119D674D900191065 /* IOS8AdapterDemo */ = {
			isa = PBXNativeTarget;
			buildConfigurationList = 84C49E3519D674D900191065 /* Build configuration list for PBXNativeTarget "IOS8AdapterDemo" */;
			buildPhases = (
				84C49E0E19D674D900191065 /* Sources */,
				84C49E0F19D674D900191065 /* Frameworks */,
				84C49E1019D674D900191065 /* Resources */,
			);
			buildRules = (
			);
			dependencies = (
			);
			name = IOS8AdapterDemo;
			productName = IOS8AdapterDemo;
			productReference = 84C49E1219D674D900191065 /* IOS8AdapterDemo.app */;
			productType = "com.apple.product-type.application";
		};
		84C49E2A19D674D900191065 /* IOS8AdapterDemoTests */ = {
			isa = PBXNativeTarget;
			buildConfigurationList = 84C49E3819D674D900191065 /* Build configuration list for PBXNativeTarget "IOS8AdapterDemoTests" */;
			buildPhases = (
				84C49E2719D674D900191065 /* Sources */,
				84C49E2819D674D900191065 /* Frameworks */,
				84C49E2919D674D900191065 /* Resources */,
			);
			buildRules = (
			);
			dependencies = (
				84C49E2D19D674D900191065 /* PBXTargetDependency */,
			);
			name = IOS8AdapterDemoTests;
			productName = IOS8AdapterDemoTests;
			productReference = 84C49E2B19D674D900191065 /* IOS8AdapterDemoTests.xctest */;
			productType = "com.apple.product-type.bundle.unit-test";
		};
/* End PBXNativeTarget section */

/* Begin PBXProject section */
		84C49E0A19D674D900191065 /* Project object */ = {
			isa = PBXProject;
			attributes = {
				LastUpgradeCheck = 0600;
				ORGANIZATIONNAME = Sensoro;
				TargetAttributes = {
					84C49E1119D674D900191065 = {
						CreatedOnToolsVersion = 6.0;
					};
					84C49E2A19D674D900191065 = {
						CreatedOnToolsVersion = 6.0;
						TestTargetID = 84C49E1119D674D900191065;
					};
				};
			};
			buildConfigurationList = 84C49E0D19D674D900191065 /* Build configuration list for PBXProject "IOS8AdapterDemo" */;
			compatibilityVersion = "Xcode 3.2";
			developmentRegion = English;
			hasScannedForEncodings = 0;
			knownRegions = (
				en,
				Base,
			);
			mainGroup = 84C49E0919D674D900191065;
			productRefGroup = 84C49E1319D674D900191065 /* Products */;
			projectDirPath = "";
			projectRoot = "";
			targets = (
				84C49E1119D674D900191065 /* IOS8AdapterDemo */,
				84C49E2A19D674D900191065 /* IOS8AdapterDemoTests */,
			);
		};
/* End PBXProject section */

/* Begin PBXResourcesBuildPhase section */
		84C49E1019D674D900191065 /* Resources */ = {
			isa = PBXResourcesBuildPhase;
			buildActionMask = 2147483647;
			files = (
				84C49E2119D674D900191065 /* Main.storyboard in Resources */,
				84C49E2619D674D900191065 /* LaunchScreen.xib in Resources */,
				84C49E2319D674D900191065 /* Images.xcassets in Resources */,
			);
			runOnlyForDeploymentPostprocessing = 0;
		};
		84C49E2919D674D900191065 /* Resources */ = {
			isa = PBXResourcesBuildPhase;
			buildActionMask = 2147483647;
			files = (
			);
			runOnlyForDeploymentPostprocessing = 0;
		};
/* End PBXResourcesBuildPhase section */

/* Begin PBXSourcesBuildPhase section */
		84C49E0E19D674D900191065 /* Sources */ = {
			isa = PBXSourcesBuildPhase;
			buildActionMask = 2147483647;
			files = (
				84C49E1E19D674D900191065 /* ViewController.m in Sources */,
				84C49E1B19D674D900191065 /* AppDelegate.m in Sources */,
				84C49E1819D674D900191065 /* main.m in Sources */,
			);
			runOnlyForDeploymentPostprocessing = 0;
		};
		84C49E2719D674D900191065 /* Sources */ = {
			isa = PBXSourcesBuildPhase;
			buildActionMask = 2147483647;
			files = (
				84C49E3219D674D900191065 /* IOS8AdapterDemoTests.m in Sources */,
			);
			runOnlyForDeploymentPostprocessing = 0;
		};
/* End PBXSourcesBuildPhase section */

/* Begin PBXTargetDependency section */
		84C49E2D19D674D900191065 /* PBXTargetDependency */ = {
			isa = PBXTargetDependency;
			target = 84C49E1119D674D900191065 /* IOS8AdapterDemo */;
			targetProxy = 84C49E2C19D674D900191065 /* PBXContainerItemProxy */;
		};
/* End PBXTargetDependency section */

/* Begin PBXVariantGroup section */
		84C49E1F19D674D900191065 /* Main.storyboard */ = {
			isa = PBXVariantGroup;
			children = (
				84C49E2019D674D900191065 /* Base */,
			);
			name = Main.storyboard;
			sourceTree = "<group>";
		};
		84C49E2419D674D900191065 /* LaunchScreen.xib */ = {
			isa = PBXVariantGroup;
			children = (
				84C49E2519D674D900191065 /* Base */,
			);
			name = LaunchScreen.xib;
			sourceTree = "<group>";
		};
/* End PBXVariantGroup section */

/* Begin XCBuildConfiguration section */
		84C49E3319D674D900191065 /* Debug */ = {
			isa = XCBuildConfiguration;
			buildSettings = {
				ALWAYS_SEARCH_USER_PATHS = NO;
				CLANG_CXX_LANGUAGE_STANDARD = "gnu++0x";
				CLANG_CXX_LIBRARY = "libc++";
				CLANG_ENABLE_MODULES = YES;
				CLANG_ENABLE_OBJC_ARC = YES;
				CLANG_WARN_BOOL_CONVERSION = YES;
				CLANG_WARN_CONSTANT_CONVERSION = YES;
				CLANG_WARN_DIRECT_OBJC_ISA_USAGE = YES_ERROR;
				CLANG_WARN_EMPTY_BODY = YES;
				CLANG_WARN_ENUM_CONVERSION = YES;
				CLANG_WARN_INT_CONVERSION = YES;
				CLANG_WARN_OBJC_ROOT_CLASS = YES_ERROR;
				CLANG_WARN_UNREACHABLE_CODE = YES;
				CLANG_WARN__DUPLICATE_METHOD_MATCH = YES;
				"CODE_SIGN_IDENTITY[sdk=iphoneos*]" = "iPhone Developer";
				COPY_PHASE_STRIP = NO;
				ENABLE_STRICT_OBJC_MSGSEND = YES;
				GCC_C_LANGUAGE_STANDARD = gnu99;
				GCC_DYNAMIC_NO_PIC = NO;
				GCC_OPTIMIZATION_LEVEL = 0;
				GCC_PREPROCESSOR_DEFINITIONS = (
					"DEBUG=1",
					"$(inherited)",
				);
				GCC_SYMBOLS_PRIVATE_EXTERN = NO;
				GCC_WARN_64_TO_32_BIT_CONVERSION = YES;
				GCC_WARN_ABOUT_RETURN_TYPE = YES_ERROR;
				GCC_WARN_UNDECLARED_SELECTOR = YES;
				GCC_WARN_UNINITIALIZED_AUTOS = YES_AGGRESSIVE;
				GCC_WARN_UNUSED_FUNCTION = YES;
				GCC_WARN_UNUSED_VARIABLE = YES;
				IPHONEOS_DEPLOYMENT_TARGET = 8.0;
				MTL_ENABLE_DEBUG_INFO = YES;
				ONLY_ACTIVE_ARCH = YES;
				SDKROOT = iphoneos;
			};
			name = Debug;
		};
		84C49E3419D674D900191065 /* Release */ = {
			isa = XCBuildConfiguration;
			buildSettings = {
				ALWAYS_SEARCH_USER_PATHS = NO;
				CLANG_CXX_LANGUAGE_STANDARD = "gnu++0x";
				CLANG_CXX_LIBRARY = "libc++";
				CLANG_ENABLE_MODULES = YES;
				CLANG_ENABLE_OBJC_ARC = YES;
				CLANG_WARN_BOOL_CONVERSION = YES;
				CLANG_WARN_CONSTANT_CONVERSION = YES;
				CLANG_WARN_DIRECT_OBJC_ISA_USAGE = YES_ERROR;
				CLANG_WARN_EMPTY_BODY = YES;
				CLANG_WARN_ENUM_CONVERSION = YES;
				CLANG_WARN_INT_CONVERSION = YES;
				CLANG_WARN_OBJC_ROOT_CLASS = YES_ERROR;
				CLANG_WARN_UNREACHABLE_CODE = YES;
				CLANG_WARN__DUPLICATE_METHOD_MATCH = YES;
				"CODE_SIGN_IDENTITY[sdk=iphoneos*]" = "iPhone Developer";
				COPY_PHASE_STRIP = YES;
				ENABLE_NS_ASSERTIONS = NO;
				ENABLE_STRICT_OBJC_MSGSEND = YES;
				GCC_C_LANGUAGE_STANDARD = gnu99;
				GCC_WARN_64_TO_32_BIT_CONVERSION = YES;
				GCC_WARN_ABOUT_RETURN_TYPE = YES_ERROR;
				GCC_WARN_UNDECLARED_SELECTOR = YES;
				GCC_WARN_UNINITIALIZED_AUTOS = YES_AGGRESSIVE;
				GCC_WARN_UNUSED_FUNCTION = YES;
				GCC_WARN_UNUSED_VARIABLE = YES;
				IPHONEOS_DEPLOYMENT_TARGET = 8.0;
				MTL_ENABLE_DEBUG_INFO = NO;
				SDKROOT = iphoneos;
				VALIDATE_PRODUCT = YES;
			};
			name = Release;
		};
		84C49E3619D674D900191065 /* Debug */ = {
			isa = XCBuildConfiguration;
			buildSettings = {
				ASSETCATALOG_COMPILER_APPICON_NAME = AppIcon;
				INFOPLIST_FILE = IOS8AdapterDemo/Info.plist;
				LD_RUNPATH_SEARCH_PATHS = "$(inherited) @executable_path/Frameworks";
				PRODUCT_NAME = "$(TARGET_NAME)";
			};
			name = Debug;
		};
		84C49E3719D674D900191065 /* Release */ = {
			isa = XCBuildConfiguration;
			buildSettings = {
				ASSETCATALOG_COMPILER_APPICON_NAME = AppIcon;
				INFOPLIST_FILE = IOS8AdapterDemo/Info.plist;
				LD_RUNPATH_SEARCH_PATHS = "$(inherited) @executable_path/Frameworks";
				PRODUCT_NAME = "$(TARGET_NAME)";
			};
			name = Release;
		};
		84C49E3919D674D900191065 /* Debug */ = {
			isa = XCBuildConfiguration;
			buildSettings = {
				BUNDLE_LOADER = "$(TEST_HOST)";
				FRAMEWORK_SEARCH_PATHS = (
					"$(SDKROOT)/Developer/Library/Frameworks",
					"$(inherited)",
				);
				GCC_PREPROCESSOR_DEFINITIONS = (
					"DEBUG=1",
					"$(inherited)",
				);
				INFOPLIST_FILE = IOS8AdapterDemoTests/Info.plist;
				LD_RUNPATH_SEARCH_PATHS = "$(inherited) @executable_path/Frameworks @loader_path/Frameworks";
				PRODUCT_NAME = "$(TARGET_NAME)";
				TEST_HOST = "$(BUILT_PRODUCTS_DIR)/IOS8AdapterDemo.app/IOS8AdapterDemo";
			};
			name = Debug;
		};
		84C49E3A19D674D900191065 /* Release */ = {
			isa = XCBuildConfiguration;
			buildSettings = {
				BUNDLE_LOADER = "$(TEST_HOST)";
				FRAMEWORK_SEARCH_PATHS = (
					"$(SDKROOT)/Developer/Library/Frameworks",
					"$(inherited)",
				);
				INFOPLIST_FILE = IOS8AdapterDemoTests/Info.plist;
				LD_RUNPATH_SEARCH_PATHS = "$(inherited) @executable_path/Frameworks @loader_path/Frameworks";
				PRODUCT_NAME = "$(TARGET_NAME)";
				TEST_HOST = "$(BUILT_PRODUCTS_DIR)/IOS8AdapterDemo.app/IOS8AdapterDemo";
			};
			name = Release;
		};
/* End XCBuildConfiguration section */

/* Begin XCConfigurationList section */
		84C49E0D19D674D900191065 /* Build configuration list for PBXProject "IOS8AdapterDemo" */ = {
			isa = XCConfigurationList;
			buildConfigurations = (
				84C49E3319D674D900191065 /* Debug */,
				84C49E3419D674D900191065 /* Release */,
			);
			defaultConfigurationIsVisible = 0;
			defaultConfigurationName = Release;
		};
		84C49E3519D674D900191065 /* Build configuration list for PBXNativeTarget "IOS8AdapterDemo" */ = {
			isa = XCConfigurationList;
			buildConfigurations = (
				84C49E3619D674D900191065 /* Debug */,
				84C49E3719D674D900191065 /* Release */,
			);
			defaultConfigurationIsVisible = 0;
		};
		84C49E3819D674D900191065 /* Build configuration list for PBXNativeTarget "IOS8AdapterDemoTests" */ = {
			isa = XCConfigurationList;
			buildConfigurations = (
				84C49E3919D674D900191065 /* Debug */,
				84C49E3A19D674D900191065 /* Release */,
			);
			defaultConfigurationIsVisible = 0;
		};
/* End XCConfigurationList section */
	};
	rootObject = 84C49E0A19D674D900191065 /* Project object */;
}
